// !$*UTF8*$!
{
	archiveVersion = 1;
	classes = {
	};
	objectVersion = 56;
	objects = {

/* Begin PBXBuildFile section */
		8BA495A43B88FC524DC7C3B9 /* Pods_GXMessagesTableViewSample.framework in Frameworks */ = {isa = PBXBuildFile; fileRef = 6834E4CA858A2D0A03DC8CE1 /* Pods_GXMessagesTableViewSample.framework */; };
		9623D87E29B9AD1900BE0BFB /* AppDelegate.swift in Sources */ = {isa = PBXBuildFile; fileRef = 9623D87D29B9AD1900BE0BFB /* AppDelegate.swift */; };
		9623D88029B9AD1900BE0BFB /* SceneDelegate.swift in Sources */ = {isa = PBXBuildFile; fileRef = 9623D87F29B9AD1900BE0BFB /* SceneDelegate.swift */; };
		9623D88229B9AD1900BE0BFB /* ViewController.swift in Sources */ = {isa = PBXBuildFile; fileRef = 9623D88129B9AD1900BE0BFB /* ViewController.swift */; };
		9623D88529B9AD1900BE0BFB /* Main.storyboard in Resources */ = {isa = PBXBuildFile; fileRef = 9623D88329B9AD1900BE0BFB /* Main.storyboard */; };
		9623D88729B9AD1B00BE0BFB /* Assets.xcassets in Resources */ = {isa = PBXBuildFile; fileRef = 9623D88629B9AD1B00BE0BFB /* Assets.xcassets */; };
		9623D88A29B9AD1B00BE0BFB /* LaunchScreen.storyboard in Resources */ = {isa = PBXBuildFile; fileRef = 9623D88829B9AD1B00BE0BFB /* LaunchScreen.storyboard */; };
		9623D89529B9AD1B00BE0BFB /* GXMessagesTableViewSampleTests.swift in Sources */ = {isa = PBXBuildFile; fileRef = 9623D89429B9AD1B00BE0BFB /* GXMessagesTableViewSampleTests.swift */; };
		9623D89F29B9AD1B00BE0BFB /* GXMessagesTableViewSampleUITests.swift in Sources */ = {isa = PBXBuildFile; fileRef = 9623D89E29B9AD1B00BE0BFB /* GXMessagesTableViewSampleUITests.swift */; };
		9623D8A129B9AD1B00BE0BFB /* GXMessagesTableViewSampleUITestsLaunchTests.swift in Sources */ = {isa = PBXBuildFile; fileRef = 9623D8A029B9AD1B00BE0BFB /* GXMessagesTableViewSampleUITestsLaunchTests.swift */; };
		9623D8B229B9AE2D00BE0BFB /* GXMessagesLoadHeader.swift in Sources */ = {isa = PBXBuildFile; fileRef = 9623D8AE29B9AE2D00BE0BFB /* GXMessagesLoadHeader.swift */; };
		9623D8B329B9AE2D00BE0BFB /* GXMessagesAvatarProtocol.swift in Sources */ = {isa = PBXBuildFile; fileRef = 9623D8AF29B9AE2D00BE0BFB /* GXMessagesAvatarProtocol.swift */; };
		9623D8B429B9AE2D00BE0BFB /* GXMessagesHoverAvatarTableView.swift in Sources */ = {isa = PBXBuildFile; fileRef = 9623D8B029B9AE2D00BE0BFB /* GXMessagesHoverAvatarTableView.swift */; };
		9623D8B529B9AE2D00BE0BFB /* GXMessagesLoadTableView.swift in Sources */ = {isa = PBXBuildFile; fileRef = 9623D8B129B9AE2D00BE0BFB /* GXMessagesLoadTableView.swift */; };
		9623D8B729B9AE5400BE0BFB /* GXMessagesTestCell.swift in Sources */ = {isa = PBXBuildFile; fileRef = 9623D8B629B9AE5400BE0BFB /* GXMessagesTestCell.swift */; };
		96A1FE362A358C6C0084BC8D /* GXMessagesAvatarCell.swift in Sources */ = {isa = PBXBuildFile; fileRef = 96A1FE352A358C6C0084BC8D /* GXMessagesAvatarCell.swift */; };
/* End PBXBuildFile section */

/* Begin PBXContainerItemProxy section */
		9623D89129B9AD1B00BE0BFB /* PBXContainerItemProxy */ = {
			isa = PBXContainerItemProxy;
			containerPortal = 9623D87229B9AD1900BE0BFB /* Project object */;
			proxyType = 1;
			remoteGlobalIDString = 9623D87929B9AD1900BE0BFB;
			remoteInfo = GXMessagesTableViewSample;
		};
		9623D89B29B9AD1B00BE0BFB /* PBXContainerItemProxy */ = {
			isa = PBXContainerItemProxy;
			containerPortal = 9623D87229B9AD1900BE0BFB /* Project object */;
			proxyType = 1;
			remoteGlobalIDString = 9623D87929B9AD1900BE0BFB;
			remoteInfo = GXMessagesTableViewSample;
		};
/* End PBXContainerItemProxy section */

/* Begin PBXFileReference section */
		021C8AAA80813AA00BFCF5FA /* Pods-GXMessagesTableViewSample.debug.xcconfig */ = {isa = PBXFileReference; includeInIndex = 1; lastKnownFileType = text.xcconfig; name = "Pods-GXMessagesTableViewSample.debug.xcconfig"; path = "Target Support Files/Pods-GXMessagesTableViewSample/Pods-GXMessagesTableViewSample.debug.xcconfig"; sourceTree = "<group>"; };
		1B8FCB59F2944154C6D956D7 /* Pods-GXMessagesTableViewSample.release.xcconfig */ = {isa = PBXFileReference; includeInIndex = 1; lastKnownFileType = text.xcconfig; name = "Pods-GXMessagesTableViewSample.release.xcconfig"; path = "Target Support Files/Pods-GXMessagesTableViewSample/Pods-GXMessagesTableViewSample.release.xcconfig"; sourceTree = "<group>"; };
		6834E4CA858A2D0A03DC8CE1 /* Pods_GXMessagesTableViewSample.framework */ = {isa = PBXFileReference; explicitFileType = wrapper.framework; includeInIndex = 0; path = Pods_GXMessagesTableViewSample.framework; sourceTree = BUILT_PRODUCTS_DIR; };
		9623D87A29B9AD1900BE0BFB /* GXMessagesTableViewSample.app */ = {isa = PBXFileReference; explicitFileType = wrapper.application; includeInIndex = 0; path = GXMessagesTableViewSample.app; sourceTree = BUILT_PRODUCTS_DIR; };
		9623D87D29B9AD1900BE0BFB /* AppDelegate.swift */ = {isa = PBXFileReference; lastKnownFileType = sourcecode.swift; path = AppDelegate.swift; sourceTree = "<group>"; };
		9623D87F29B9AD1900BE0BFB /* SceneDelegate.swift */ = {isa = PBXFileReference; lastKnownFileType = sourcecode.swift; path = SceneDelegate.swift; sourceTree = "<group>"; };
		9623D88129B9AD1900BE0BFB /* ViewController.swift */ = {isa = PBXFileReference; lastKnownFileType = sourcecode.swift; path = ViewController.swift; sourceTree = "<group>"; };
		9623D88429B9AD1900BE0BFB /* Base */ = {isa = PBXFileReference; lastKnownFileType = file.storyboard; name = Base; path = Base.lproj/Main.storyboard; sourceTree = "<group>"; };
		9623D88629B9AD1B00BE0BFB /* Assets.xcassets */ = {isa = PBXFileReference; lastKnownFileType = folder.assetcatalog; path = Assets.xcassets; sourceTree = "<group>"; };
		9623D88929B9AD1B00BE0BFB /* Base */ = {isa = PBXFileReference; lastKnownFileType = file.storyboard; name = Base; path = Base.lproj/LaunchScreen.storyboard; sourceTree = "<group>"; };
		9623D88B29B9AD1B00BE0BFB /* Info.plist */ = {isa = PBXFileReference; lastKnownFileType = text.plist.xml; path = Info.plist; sourceTree = "<group>"; };
		9623D89029B9AD1B00BE0BFB /* GXMessagesTableViewSampleTests.xctest */ = {isa = PBXFileReference; explicitFileType = wrapper.cfbundle; includeInIndex = 0; path = GXMessagesTableViewSampleTests.xctest; sourceTree = BUILT_PRODUCTS_DIR; };
		9623D89429B9AD1B00BE0BFB /* GXMessagesTableViewSampleTests.swift */ = {isa = PBXFileReference; lastKnownFileType = sourcecode.swift; path = GXMessagesTableViewSampleTests.swift; sourceTree = "<group>"; };
		9623D89A29B9AD1B00BE0BFB /* GXMessagesTableViewSampleUITests.xctest */ = {isa = PBXFileReference; explicitFileType = wrapper.cfbundle; includeInIndex = 0; path = GXMessagesTableViewSampleUITests.xctest; sourceTree = BUILT_PRODUCTS_DIR; };
		9623D89E29B9AD1B00BE0BFB /* GXMessagesTableViewSampleUITests.swift */ = {isa = PBXFileReference; lastKnownFileType = sourcecode.swift; path = GXMessagesTableViewSampleUITests.swift; sourceTree = "<group>"; };
		9623D8A029B9AD1B00BE0BFB /* GXMessagesTableViewSampleUITestsLaunchTests.swift */ = {isa = PBXFileReference; lastKnownFileType = sourcecode.swift; path = GXMessagesTableViewSampleUITestsLaunchTests.swift; sourceTree = "<group>"; };
		9623D8AE29B9AE2D00BE0BFB /* GXMessagesLoadHeader.swift */ = {isa = PBXFileReference; fileEncoding = 4; lastKnownFileType = sourcecode.swift; path = GXMessagesLoadHeader.swift; sourceTree = "<group>"; };
		9623D8AF29B9AE2D00BE0BFB /* GXMessagesAvatarProtocol.swift */ = {isa = PBXFileReference; fileEncoding = 4; lastKnownFileType = sourcecode.swift; path = GXMessagesAvatarProtocol.swift; sourceTree = "<group>"; };
		9623D8B029B9AE2D00BE0BFB /* GXMessagesHoverAvatarTableView.swift */ = {isa = PBXFileReference; fileEncoding = 4; lastKnownFileType = sourcecode.swift; path = GXMessagesHoverAvatarTableView.swift; sourceTree = "<group>"; };
		9623D8B129B9AE2D00BE0BFB /* GXMessagesLoadTableView.swift */ = {isa = PBXFileReference; fileEncoding = 4; lastKnownFileType = sourcecode.swift; path = GXMessagesLoadTableView.swift; sourceTree = "<group>"; };
		9623D8B629B9AE5400BE0BFB /* GXMessagesTestCell.swift */ = {isa = PBXFileReference; fileEncoding = 4; lastKnownFileType = sourcecode.swift; path = GXMessagesTestCell.swift; sourceTree = SOURCE_ROOT; };
		96A1FE352A358C6C0084BC8D /* GXMessagesAvatarCell.swift */ = {isa = PBXFileReference; lastKnownFileType = sourcecode.swift; path = GXMessagesAvatarCell.swift; sourceTree = "<group>"; };
/* End PBXFileReference section */

/* Begin PBXFrameworksBuildPhase section */
		9623D87729B9AD1900BE0BFB /* Frameworks */ = {
			isa = PBXFrameworksBuildPhase;
			buildActionMask = 2147483647;
			files = (
				8BA495A43B88FC524DC7C3B9 /* Pods_GXMessagesTableViewSample.framework in Frameworks */,
			);
			runOnlyForDeploymentPostprocessing = 0;
		};
		9623D88D29B9AD1B00BE0BFB /* Frameworks */ = {
			isa = PBXFrameworksBuildPhase;
			buildActionMask = 2147483647;
			files = (
			);
			runOnlyForDeploymentPostprocessing = 0;
		};
		9623D89729B9AD1B00BE0BFB /* Frameworks */ = {
			isa = PBXFrameworksBuildPhase;
			buildActionMask = 2147483647;
			files = (
			);
			runOnlyForDeploymentPostprocessing = 0;
		};
/* End PBXFrameworksBuildPhase section */

/* Begin PBXGroup section */
		608193445217318B100494AF /* Frameworks */ = {
			isa = PBXGroup;
			children = (
				6834E4CA858A2D0A03DC8CE1 /* Pods_GXMessagesTableViewSample.framework */,
			);
			name = Frameworks;
			sourceTree = "<group>";
		};
		9623D87129B9AD1900BE0BFB = {
			isa = PBXGroup;
			children = (
				9623D87C29B9AD1900BE0BFB /* GXMessagesTableViewSample */,
				9623D89329B9AD1B00BE0BFB /* GXMessagesTableViewSampleTests */,
				9623D89D29B9AD1B00BE0BFB /* GXMessagesTableViewSampleUITests */,
				9623D87B29B9AD1900BE0BFB /* Products */,
				CBD39C20A747617E5AD1F7F4 /* Pods */,
				608193445217318B100494AF /* Frameworks */,
			);
			sourceTree = "<group>";
		};
		9623D87B29B9AD1900BE0BFB /* Products */ = {
			isa = PBXGroup;
			children = (
				9623D87A29B9AD1900BE0BFB /* GXMessagesTableViewSample.app */,
				9623D89029B9AD1B00BE0BFB /* GXMessagesTableViewSampleTests.xctest */,
				9623D89A29B9AD1B00BE0BFB /* GXMessagesTableViewSampleUITests.xctest */,
			);
			name = Products;
			sourceTree = "<group>";
		};
		9623D87C29B9AD1900BE0BFB /* GXMessagesTableViewSample */ = {
			isa = PBXGroup;
			children = (
				9623D8AD29B9AE2D00BE0BFB /* GXMessagesTableView */,
				9623D87D29B9AD1900BE0BFB /* AppDelegate.swift */,
				9623D87F29B9AD1900BE0BFB /* SceneDelegate.swift */,
				9623D88129B9AD1900BE0BFB /* ViewController.swift */,
				9623D8B629B9AE5400BE0BFB /* GXMessagesTestCell.swift */,
				9623D88329B9AD1900BE0BFB /* Main.storyboard */,
				9623D88629B9AD1B00BE0BFB /* Assets.xcassets */,
				9623D88829B9AD1B00BE0BFB /* LaunchScreen.storyboard */,
				9623D88B29B9AD1B00BE0BFB /* Info.plist */,
			);
			path = GXMessagesTableViewSample;
			sourceTree = "<group>";
		};
		9623D89329B9AD1B00BE0BFB /* GXMessagesTableViewSampleTests */ = {
			isa = PBXGroup;
			children = (
				9623D89429B9AD1B00BE0BFB /* GXMessagesTableViewSampleTests.swift */,
			);
			path = GXMessagesTableViewSampleTests;
			sourceTree = "<group>";
		};
		9623D89D29B9AD1B00BE0BFB /* GXMessagesTableViewSampleUITests */ = {
			isa = PBXGroup;
			children = (
				9623D89E29B9AD1B00BE0BFB /* GXMessagesTableViewSampleUITests.swift */,
				9623D8A029B9AD1B00BE0BFB /* GXMessagesTableViewSampleUITestsLaunchTests.swift */,
			);
			path = GXMessagesTableViewSampleUITests;
			sourceTree = "<group>";
		};
		9623D8AD29B9AE2D00BE0BFB /* GXMessagesTableView */ = {
			isa = PBXGroup;
			children = (
				9623D8AF29B9AE2D00BE0BFB /* GXMessagesAvatarProtocol.swift */,
				96A1FE352A358C6C0084BC8D /* GXMessagesAvatarCell.swift */,
				9623D8AE29B9AE2D00BE0BFB /* GXMessagesLoadHeader.swift */,
				9623D8B129B9AE2D00BE0BFB /* GXMessagesLoadTableView.swift */,
				9623D8B029B9AE2D00BE0BFB /* GXMessagesHoverAvatarTableView.swift */,
			);
			name = GXMessagesTableView;
			path = ../../GXMessagesTableView;
			sourceTree = "<group>";
		};
		CBD39C20A747617E5AD1F7F4 /* Pods */ = {
			isa = PBXGroup;
			children = (
				021C8AAA80813AA00BFCF5FA /* Pods-GXMessagesTableViewSample.debug.xcconfig */,
				1B8FCB59F2944154C6D956D7 /* Pods-GXMessagesTableViewSample.release.xcconfig */,
			);
			path = Pods;
			sourceTree = "<group>";
		};
/* End PBXGroup section */

/* Begin PBXNativeTarget section */
		9623D87929B9AD1900BE0BFB /* GXMessagesTableViewSample */ = {
			isa = PBXNativeTarget;
			buildConfigurationList = 9623D8A429B9AD1B00BE0BFB /* Build configuration list for PBXNativeTarget "GXMessagesTableViewSample" */;
			buildPhases = (
				F9B370A050C2F10682136059 /* [CP] Check Pods Manifest.lock */,
				9623D87629B9AD1900BE0BFB /* Sources */,
				9623D87729B9AD1900BE0BFB /* Frameworks */,
				9623D87829B9AD1900BE0BFB /* Resources */,
				C375B687C9B8D3CB612B47AD /* [CP] Embed Pods Frameworks */,
			);
			buildRules = (
			);
			dependencies = (
			);
			name = GXMessagesTableViewSample;
			productName = GXMessagesTableViewSample;
			productReference = 9623D87A29B9AD1900BE0BFB /* GXMessagesTableViewSample.app */;
			productType = "com.apple.product-type.application";
		};
		9623D88F29B9AD1B00BE0BFB /* GXMessagesTableViewSampleTests */ = {
			isa = PBXNativeTarget;
			buildConfigurationList = 9623D8A729B9AD1B00BE0BFB /* Build configuration list for PBXNativeTarget "GXMessagesTableViewSampleTests" */;
			buildPhases = (
				9623D88C29B9AD1B00BE0BFB /* Sources */,
				9623D88D29B9AD1B00BE0BFB /* Frameworks */,
				9623D88E29B9AD1B00BE0BFB /* Resources */,
			);
			buildRules = (
			);
			dependencies = (
				9623D89229B9AD1B00BE0BFB /* PBXTargetDependency */,
			);
			name = GXMessagesTableViewSampleTests;
			productName = GXMessagesTableViewSampleTests;
			productReference = 9623D89029B9AD1B00BE0BFB /* GXMessagesTableViewSampleTests.xctest */;
			productType = "com.apple.product-type.bundle.unit-test";
		};
		9623D89929B9AD1B00BE0BFB /* GXMessagesTableViewSampleUITests */ = {
			isa = PBXNativeTarget;
			buildConfigurationList = 9623D8AA29B9AD1B00BE0BFB /* Build configuration list for PBXNativeTarget "GXMessagesTableViewSampleUITests" */;
			buildPhases = (
				9623D89629B9AD1B00BE0BFB /* Sources */,
				9623D89729B9AD1B00BE0BFB /* Frameworks */,
				9623D89829B9AD1B00BE0BFB /* Resources */,
			);
			buildRules = (
			);
			dependencies = (
				9623D89C29B9AD1B00BE0BFB /* PBXTargetDependency */,
			);
			name = GXMessagesTableViewSampleUITests;
			productName = GXMessagesTableViewSampleUITests;
			productReference = 9623D89A29B9AD1B00BE0BFB /* GXMessagesTableViewSampleUITests.xctest */;
			productType = "com.apple.product-type.bundle.ui-testing";
		};
/* End PBXNativeTarget section */

/* Begin PBXProject section */
		9623D87229B9AD1900BE0BFB /* Project object */ = {
			isa = PBXProject;
			attributes = {
				BuildIndependentTargetsInParallel = 1;
				LastSwiftUpdateCheck = 1420;
				LastUpgradeCheck = 1420;
				TargetAttributes = {
					9623D87929B9AD1900BE0BFB = {
						CreatedOnToolsVersion = 14.2;
					};
					9623D88F29B9AD1B00BE0BFB = {
						CreatedOnToolsVersion = 14.2;
						TestTargetID = 9623D87929B9AD1900BE0BFB;
					};
					9623D89929B9AD1B00BE0BFB = {
						CreatedOnToolsVersion = 14.2;
						TestTargetID = 9623D87929B9AD1900BE0BFB;
					};
				};
			};
			buildConfigurationList = 9623D87529B9AD1900BE0BFB /* Build configuration list for PBXProject "GXMessagesTableViewSample" */;
			compatibilityVersion = "Xcode 14.0";
			developmentRegion = en;
			hasScannedForEncodings = 0;
			knownRegions = (
				en,
				Base,
			);
			mainGroup = 9623D87129B9AD1900BE0BFB;
			productRefGroup = 9623D87B29B9AD1900BE0BFB /* Products */;
			projectDirPath = "";
			projectRoot = "";
			targets = (
				9623D87929B9AD1900BE0BFB /* GXMessagesTableViewSample */,
				9623D88F29B9AD1B00BE0BFB /* GXMessagesTableViewSampleTests */,
				9623D89929B9AD1B00BE0BFB /* GXMessagesTableViewSampleUITests */,
			);
		};
/* End PBXProject section */

/* Begin PBXResourcesBuildPhase section */
		9623D87829B9AD1900BE0BFB /* Resources */ = {
			isa = PBXResourcesBuildPhase;
			buildActionMask = 2147483647;
			files = (
				9623D88A29B9AD1B00BE0BFB /* LaunchScreen.storyboard in Resources */,
				9623D88729B9AD1B00BE0BFB /* Assets.xcassets in Resources */,
				9623D88529B9AD1900BE0BFB /* Main.storyboard in Resources */,
			);
			runOnlyForDeploymentPostprocessing = 0;
		};
		9623D88E29B9AD1B00BE0BFB /* Resources */ = {
			isa = PBXResourcesBuildPhase;
			buildActionMask = 2147483647;
			files = (
			);
			runOnlyForDeploymentPostprocessing = 0;
		};
		9623D89829B9AD1B00BE0BFB /* Resources */ = {
			isa = PBXResourcesBuildPhase;
			buildActionMask = 2147483647;
			files = (
			);
			runOnlyForDeploymentPostprocessing = 0;
		};
/* End PBXResourcesBuildPhase section */

/* Begin PBXShellScriptBuildPhase section */
		C375B687C9B8D3CB612B47AD /* [CP] Embed Pods Frameworks */ = {
			isa = PBXShellScriptBuildPhase;
			buildActionMask = 2147483647;
			files = (
			);
			inputFileListPaths = (
				"${PODS_ROOT}/Target Support Files/Pods-GXMessagesTableViewSample/Pods-GXMessagesTableViewSample-frameworks-${CONFIGURATION}-input-files.xcfilelist",
			);
			name = "[CP] Embed Pods Frameworks";
			outputFileListPaths = (
				"${PODS_ROOT}/Target Support Files/Pods-GXMessagesTableViewSample/Pods-GXMessagesTableViewSample-frameworks-${CONFIGURATION}-output-files.xcfilelist",
			);
			runOnlyForDeploymentPostprocessing = 0;
			shellPath = /bin/sh;
			shellScript = "\"${PODS_ROOT}/Target Support Files/Pods-GXMessagesTableViewSample/Pods-GXMessagesTableViewSample-frameworks.sh\"\n";
			showEnvVarsInLog = 0;
		};
		F9B370A050C2F10682136059 /* [CP] Check Pods Manifest.lock */ = {
			isa = PBXShellScriptBuildPhase;
			buildActionMask = 2147483647;
			files = (
			);
			inputFileListPaths = (
			);
			inputPaths = (
				"${PODS_PODFILE_DIR_PATH}/Podfile.lock",
				"${PODS_ROOT}/Manifest.lock",
			);
			name = "[CP] Check Pods Manifest.lock";
			outputFileListPaths = (
			);
			outputPaths = (
				"$(DERIVED_FILE_DIR)/Pods-GXMessagesTableViewSample-checkManifestLockResult.txt",
			);
			runOnlyForDeploymentPostprocessing = 0;
			shellPath = /bin/sh;
			shellScript = "diff \"${PODS_PODFILE_DIR_PATH}/Podfile.lock\" \"${PODS_ROOT}/Manifest.lock\" > /dev/null\nif [ $? != 0 ] ; then\n    # print error to STDERR\n    echo \"error: The sandbox is not in sync with the Podfile.lock. Run 'pod install' or update your CocoaPods installation.\" >&2\n    exit 1\nfi\n# This output is used by Xcode 'outputs' to avoid re-running this script phase.\necho \"SUCCESS\" > \"${SCRIPT_OUTPUT_FILE_0}\"\n";
			showEnvVarsInLog = 0;
		};
/* End PBXShellScriptBuildPhase section */

/* Begin PBXSourcesBuildPhase section */
		9623D87629B9AD1900BE0BFB /* Sources */ = {
			isa = PBXSourcesBuildPhase;
			buildActionMask = 2147483647;
			files = (
				9623D8B329B9AE2D00BE0BFB /* GXMessagesAvatarProtocol.swift in Sources */,
				9623D88229B9AD1900BE0BFB /* ViewController.swift in Sources */,
				9623D8B729B9AE5400BE0BFB /* GXMessagesTestCell.swift in Sources */,
				9623D8B529B9AE2D00BE0BFB /* GXMessagesLoadTableView.swift in Sources */,
				9623D8B429B9AE2D00BE0BFB /* GXMessagesHoverAvatarTableView.swift in Sources */,
				9623D8B229B9AE2D00BE0BFB /* GXMessagesLoadHeader.swift in Sources */,
				9623D87E29B9AD1900BE0BFB /* AppDelegate.swift in Sources */,
				9623D88029B9AD1900BE0BFB /* SceneDelegate.swift in Sources */,
				96A1FE362A358C6C0084BC8D /* GXMessagesAvatarCell.swift in Sources */,
			);
			runOnlyForDeploymentPostprocessing = 0;
		};
		9623D88C29B9AD1B00BE0BFB /* Sources */ = {
			isa = PBXSourcesBuildPhase;
			buildActionMask = 2147483647;
			files = (
				9623D89529B9AD1B00BE0BFB /* GXMessagesTableViewSampleTests.swift in Sources */,
			);
			runOnlyForDeploymentPostprocessing = 0;
		};
		9623D89629B9AD1B00BE0BFB /* Sources */ = {
			isa = PBXSourcesBuildPhase;
			buildActionMask = 2147483647;
			files = (
				9623D89F29B9AD1B00BE0BFB /* GXMessagesTableViewSampleUITests.swift in Sources */,
				9623D8A129B9AD1B00BE0BFB /* GXMessagesTableViewSampleUITestsLaunchTests.swift in Sources */,
			);
			runOnlyForDeploymentPostprocessing = 0;
		};
/* End PBXSourcesBuildPhase section */

/* Begin PBXTargetDependency section */
		9623D89229B9AD1B00BE0BFB /* PBXTargetDependency */ = {
			isa = PBXTargetDependency;
			target = 9623D87929B9AD1900BE0BFB /* GXMessagesTableViewSample */;
			targetProxy = 9623D89129B9AD1B00BE0BFB /* PBXContainerItemProxy */;
		};
		9623D89C29B9AD1B00BE0BFB /* PBXTargetDependency */ = {
			isa = PBXTargetDependency;
			target = 9623D87929B9AD1900BE0BFB /* GXMessagesTableViewSample */;
			targetProxy = 9623D89B29B9AD1B00BE0BFB /* PBXContainerItemProxy */;
		};
/* End PBXTargetDependency section */

/* Begin PBXVariantGroup section */
		9623D88329B9AD1900BE0BFB /* Main.storyboard */ = {
			isa = PBXVariantGroup;
			children = (
				9623D88429B9AD1900BE0BFB /* Base */,
			);
			name = Main.storyboard;
			sourceTree = "<group>";
		};
		9623D88829B9AD1B00BE0BFB /* LaunchScreen.storyboard */ = {
			isa = PBXVariantGroup;
			children = (
				9623D88929B9AD1B00BE0BFB /* Base */,
			);
			name = LaunchScreen.storyboard;
			sourceTree = "<group>";
		};
/* End PBXVariantGroup section */

/* Begin XCBuildConfiguration section */
		9623D8A229B9AD1B00BE0BFB /* Debug */ = {
			isa = XCBuildConfiguration;
			buildSettings = {
				ALWAYS_SEARCH_USER_PATHS = NO;
				CLANG_ANALYZER_NONNULL = YES;
				CLANG_ANALYZER_NUMBER_OBJECT_CONVERSION = YES_AGGRESSIVE;
				CLANG_CXX_LANGUAGE_STANDARD = "gnu++20";
				CLANG_ENABLE_MODULES = YES;
				CLANG_ENABLE_OBJC_ARC = YES;
				CLANG_ENABLE_OBJC_WEAK = YES;
				CLANG_WARN_BLOCK_CAPTURE_AUTORELEASING = YES;
				CLANG_WARN_BOOL_CONVERSION = YES;
				CLANG_WARN_COMMA = YES;
				CLANG_WARN_CONSTANT_CONVERSION = YES;
				CLANG_WARN_DEPRECATED_OBJC_IMPLEMENTATIONS = YES;
				CLANG_WARN_DIRECT_OBJC_ISA_USAGE = YES_ERROR;
				CLANG_WARN_DOCUMENTATION_COMMENTS = YES;
				CLANG_WARN_EMPTY_BODY = YES;
				CLANG_WARN_ENUM_CONVERSION = YES;
				CLANG_WARN_INFINITE_RECURSION = YES;
				CLANG_WARN_INT_CONVERSION = YES;
				CLANG_WARN_NON_LITERAL_NULL_CONVERSION = YES;
				CLANG_WARN_OBJC_IMPLICIT_RETAIN_SELF = YES;
				CLANG_WARN_OBJC_LITERAL_CONVERSION = YES;
				CLANG_WARN_OBJC_ROOT_CLASS = YES_ERROR;
				CLANG_WARN_QUOTED_INCLUDE_IN_FRAMEWORK_HEADER = YES;
				CLANG_WARN_RANGE_LOOP_ANALYSIS = YES;
				CLANG_WARN_STRICT_PROTOTYPES = YES;
				CLANG_WARN_SUSPICIOUS_MOVE = YES;
				CLANG_WARN_UNGUARDED_AVAILABILITY = YES_AGGRESSIVE;
				CLANG_WARN_UNREACHABLE_CODE = YES;
				CLANG_WARN__DUPLICATE_METHOD_MATCH = YES;
				COPY_PHASE_STRIP = NO;
				DEBUG_INFORMATION_FORMAT = dwarf;
				ENABLE_STRICT_OBJC_MSGSEND = YES;
				ENABLE_TESTABILITY = YES;
				GCC_C_LANGUAGE_STANDARD = gnu11;
				GCC_DYNAMIC_NO_PIC = NO;
				GCC_NO_COMMON_BLOCKS = YES;
				GCC_OPTIMIZATION_LEVEL = 0;
				GCC_PREPROCESSOR_DEFINITIONS = (
					"DEBUG=1",
					"$(inherited)",
				);
				GCC_WARN_64_TO_32_BIT_CONVERSION = YES;
				GCC_WARN_ABOUT_RETURN_TYPE = YES_ERROR;
				GCC_WARN_UNDECLARED_SELECTOR = YES;
				GCC_WARN_UNINITIALIZED_AUTOS = YES_AGGRESSIVE;
				GCC_WARN_UNUSED_FUNCTION = YES;
				GCC_WARN_UNUSED_VARIABLE = YES;
				IPHONEOS_DEPLOYMENT_TARGET = 16.2;
				MTL_ENABLE_DEBUG_INFO = INCLUDE_SOURCE;
				MTL_FAST_MATH = YES;
				ONLY_ACTIVE_ARCH = YES;
				SDKROOT = iphoneos;
				SWIFT_ACTIVE_COMPILATION_CONDITIONS = DEBUG;
				SWIFT_OPTIMIZATION_LEVEL = "-Onone";
			};
			name = Debug;
		};
		9623D8A329B9AD1B00BE0BFB /* Release */ = {
			isa = XCBuildConfiguration;
			buildSettings = {
				ALWAYS_SEARCH_USER_PATHS = NO;
				CLANG_ANALYZER_NONNULL = YES;
				CLANG_ANALYZER_NUMBER_OBJECT_CONVERSION = YES_AGGRESSIVE;
				CLANG_CXX_LANGUAGE_STANDARD = "gnu++20";
				CLANG_ENABLE_MODULES = YES;
				CLANG_ENABLE_OBJC_ARC = YES;
				CLANG_ENABLE_OBJC_WEAK = YES;
				CLANG_WARN_BLOCK_CAPTURE_AUTORELEASING = YES;
				CLANG_WARN_BOOL_CONVERSION = YES;
				CLANG_WARN_COMMA = YES;
				CLANG_WARN_CONSTANT_CONVERSION = YES;
				CLANG_WARN_DEPRECATED_OBJC_IMPLEMENTATIONS = YES;
				CLANG_WARN_DIRECT_OBJC_ISA_USAGE = YES_ERROR;
				CLANG_WARN_DOCUMENTATION_COMMENTS = YES;
				CLANG_WARN_EMPTY_BODY = YES;
				CLANG_WARN_ENUM_CONVERSION = YES;
				CLANG_WARN_INFINITE_RECURSION = YES;
				CLANG_WARN_INT_CONVERSION = YES;
				CLANG_WARN_NON_LITERAL_NULL_CONVERSION = YES;
				CLANG_WARN_OBJC_IMPLICIT_RETAIN_SELF = YES;
				CLANG_WARN_OBJC_LITERAL_CONVERSION = YES;
				CLANG_WARN_OBJC_ROOT_CLASS = YES_ERROR;
				CLANG_WARN_QUOTED_INCLUDE_IN_FRAMEWORK_HEADER = YES;
				CLANG_WARN_RANGE_LOOP_ANALYSIS = YES;
				CLANG_WARN_STRICT_PROTOTYPES = YES;
				CLANG_WARN_SUSPICIOUS_MOVE = YES;
				CLANG_WARN_UNGUARDED_AVAILABILITY = YES_AGGRESSIVE;
				CLANG_WARN_UNREACHABLE_CODE = YES;
				CLANG_WARN__DUPLICATE_METHOD_MATCH = YES;
				COPY_PHASE_STRIP = NO;
				DEBUG_INFORMATION_FORMAT = "dwarf-with-dsym";
				ENABLE_NS_ASSERTIONS = NO;
				ENABLE_STRICT_OBJC_MSGSEND = YES;
				GCC_C_LANGUAGE_STANDARD = gnu11;
				GCC_NO_COMMON_BLOCKS = YES;
				GCC_WARN_64_TO_32_BIT_CONVERSION = YES;
				GCC_WARN_ABOUT_RETURN_TYPE = YES_ERROR;
				GCC_WARN_UNDECLARED_SELECTOR = YES;
				GCC_WARN_UNINITIALIZED_AUTOS = YES_AGGRESSIVE;
				GCC_WARN_UNUSED_FUNCTION = YES;
				GCC_WARN_UNUSED_VARIABLE = YES;
				IPHONEOS_DEPLOYMENT_TARGET = 16.2;
				MTL_ENABLE_DEBUG_INFO = NO;
				MTL_FAST_MATH = YES;
				SDKROOT = iphoneos;
				SWIFT_COMPILATION_MODE = wholemodule;
				SWIFT_OPTIMIZATION_LEVEL = "-O";
				VALIDATE_PRODUCT = YES;
			};
			name = Release;
		};
		9623D8A529B9AD1B00BE0BFB /* Debug */ = {
			isa = XCBuildConfiguration;
			baseConfigurationReference = 021C8AAA80813AA00BFCF5FA /* Pods-GXMessagesTableViewSample.debug.xcconfig */;
			buildSettings = {
				ASSETCATALOG_COMPILER_APPICON_NAME = AppIcon;
				ASSETCATALOG_COMPILER_GLOBAL_ACCENT_COLOR_NAME = AccentColor;
				CODE_SIGN_STYLE = Automatic;
				CURRENT_PROJECT_VERSION = 1;
				DEVELOPMENT_TEAM = L54KZN9KMH;
				GENERATE_INFOPLIST_FILE = YES;
				INFOPLIST_FILE = GXMessagesTableViewSample/Info.plist;
				INFOPLIST_KEY_UIApplicationSupportsIndirectInputEvents = YES;
				INFOPLIST_KEY_UILaunchStoryboardName = LaunchScreen;
				INFOPLIST_KEY_UIMainStoryboardFile = Main;
				INFOPLIST_KEY_UISupportedInterfaceOrientations_iPad = "UIInterfaceOrientationPortrait UIInterfaceOrientationPortraitUpsideDown UIInterfaceOrientationLandscapeLeft UIInterfaceOrientationLandscapeRight";
				INFOPLIST_KEY_UISupportedInterfaceOrientations_iPhone = "UIInterfaceOrientationPortrait UIInterfaceOrientationLandscapeLeft UIInterfaceOrientationLandscapeRight";
				IPHONEOS_DEPLOYMENT_TARGET = 13.0;
				LD_RUNPATH_SEARCH_PATHS = (
					"$(inherited)",
					"@executable_path/Frameworks",
				);
				MARKETING_VERSION = 1.0;
				PRODUCT_BUNDLE_IDENTIFIER = com.gin.GXMessagesTableViewSample;
				PRODUCT_NAME = "$(TARGET_NAME)";
				SWIFT_EMIT_LOC_STRINGS = YES;
				SWIFT_VERSION = 5.0;
				TARGETED_DEVICE_FAMILY = "1,2";
			};
			name = Debug;
		};
		9623D8A629B9AD1B00BE0BFB /* Release */ = {
			isa = XCBuildConfiguration;
			baseConfigurationReference = 1B8FCB59F2944154C6D956D7 /* Pods-GXMessagesTableViewSample.release.xcconfig */;
			buildSettings = {
				ASSETCATALOG_COMPILER_APPICON_NAME = AppIcon;
				ASSETCATALOG_COMPILER_GLOBAL_ACCENT_COLOR_NAME = AccentColor;
				CODE_SIGN_STYLE = Automatic;
				CURRENT_PROJECT_VERSION = 1;
				DEVELOPMENT_TEAM = L54KZN9KMH;
				GENERATE_INFOPLIST_FILE = YES;
				INFOPLIST_FILE = GXMessagesTableViewSample/Info.plist;
				INFOPLIST_KEY_UIApplicationSupportsIndirectInputEvents = YES;
				INFOPLIST_KEY_UILaunchStoryboardName = LaunchScreen;
				INFOPLIST_KEY_UIMainStoryboardFile = Main;
				INFOPLIST_KEY_UISupportedInterfaceOrientations_iPad = "UIInterfaceOrientationPortrait UIInterfaceOrientationPortraitUpsideDown UIInterfaceOrientationLandscapeLeft UIInterfaceOrientationLandscapeRight";
				INFOPLIST_KEY_UISupportedInterfaceOrientations_iPhone = "UIInterfaceOrientationPortrait UIInterfaceOrientationLandscapeLeft UIInterfaceOrientationLandscapeRight";
				IPHONEOS_DEPLOYMENT_TARGET = 13.0;
				LD_RUNPATH_SEARCH_PATHS = (
					"$(inherited)",
					"@executable_path/Frameworks",
				);
				MARKETING_VERSION = 1.0;
				PRODUCT_BUNDLE_IDENTIFIER = com.gin.GXMessagesTableViewSample;
				PRODUCT_NAME = "$(TARGET_NAME)";
				SWIFT_EMIT_LOC_STRINGS = YES;
				SWIFT_VERSION = 5.0;
				TARGETED_DEVICE_FAMILY = "1,2";
			};
			name = Release;
		};
		9623D8A829B9AD1B00BE0BFB /* Debug */ = {
			isa = XCBuildConfiguration;
			buildSettings = {
				ALWAYS_EMBED_SWIFT_STANDARD_LIBRARIES = YES;
				BUNDLE_LOADER = "$(TEST_HOST)";
				CODE_SIGN_STYLE = Automatic;
				CURRENT_PROJECT_VERSION = 1;
				DEVELOPMENT_TEAM = L54KZN9KMH;
				GENERATE_INFOPLIST_FILE = YES;
				IPHONEOS_DEPLOYMENT_TARGET = 16.2;
				MARKETING_VERSION = 1.0;
				PRODUCT_BUNDLE_IDENTIFIER = com.gin.GXMessagesTableViewSampleTests;
				PRODUCT_NAME = "$(TARGET_NAME)";
				SWIFT_EMIT_LOC_STRINGS = NO;
				SWIFT_VERSION = 5.0;
				TARGETED_DEVICE_FAMILY = "1,2";
				TEST_HOST = "$(BUILT_PRODUCTS_DIR)/GXMessagesTableViewSample.app/$(BUNDLE_EXECUTABLE_FOLDER_PATH)/GXMessagesTableViewSample";
			};
			name = Debug;
		};
		9623D8A929B9AD1B00BE0BFB /* Release */ = {
			isa = XCBuildConfiguration;
			buildSettings = {
				ALWAYS_EMBED_SWIFT_STANDARD_LIBRARIES = YES;
				BUNDLE_LOADER = "$(TEST_HOST)";
				CODE_SIGN_STYLE = Automatic;
				CURRENT_PROJECT_VERSION = 1;
				DEVELOPMENT_TEAM = L54KZN9KMH;
				GENERATE_INFOPLIST_FILE = YES;
				IPHONEOS_DEPLOYMENT_TARGET = 16.2;
				MARKETING_VERSION = 1.0;
				PRODUCT_BUNDLE_IDENTIFIER = com.gin.GXMessagesTableViewSampleTests;
				PRODUCT_NAME = "$(TARGET_NAME)";
				SWIFT_EMIT_LOC_STRINGS = NO;
				SWIFT_VERSION = 5.0;
				TARGETED_DEVICE_FAMILY = "1,2";
				TEST_HOST = "$(BUILT_PRODUCTS_DIR)/GXMessagesTableViewSample.app/$(BUNDLE_EXECUTABLE_FOLDER_PATH)/GXMessagesTableViewSample";
			};
			name = Release;
		};
		9623D8AB29B9AD1B00BE0BFB /* Debug */ = {
			isa = XCBuildConfiguration;
			buildSettings = {
				ALWAYS_EMBED_SWIFT_STANDARD_LIBRARIES = YES;
				CODE_SIGN_STYLE = Automatic;
				CURRENT_PROJECT_VERSION = 1;
				DEVELOPMENT_TEAM = L54KZN9KMH;
				GENERATE_INFOPLIST_FILE = YES;
				MARKETING_VERSION = 1.0;
				PRODUCT_BUNDLE_IDENTIFIER = com.gin.GXMessagesTableViewSampleUITests;
				PRODUCT_NAME = "$(TARGET_NAME)";
				SWIFT_EMIT_LOC_STRINGS = NO;
				SWIFT_VERSION = 5.0;
				TARGETED_DEVICE_FAMILY = "1,2";
				TEST_TARGET_NAME = GXMessagesTableViewSample;
			};
			name = Debug;
		};
		9623D8AC29B9AD1B00BE0BFB /* Release */ = {
			isa = XCBuildConfiguration;
			buildSettings = {
				ALWAYS_EMBED_SWIFT_STANDARD_LIBRARIES = YES;
				CODE_SIGN_STYLE = Automatic;
				CURRENT_PROJECT_VERSION = 1;
				DEVELOPMENT_TEAM = L54KZN9KMH;
				GENERATE_INFOPLIST_FILE = YES;
				MARKETING_VERSION = 1.0;
				PRODUCT_BUNDLE_IDENTIFIER = com.gin.GXMessagesTableViewSampleUITests;
				PRODUCT_NAME = "$(TARGET_NAME)";
				SWIFT_EMIT_LOC_STRINGS = NO;
				SWIFT_VERSION = 5.0;
				TARGETED_DEVICE_FAMILY = "1,2";
				TEST_TARGET_NAME = GXMessagesTableViewSample;
			};
			name = Release;
		};
/* End XCBuildConfiguration section */

/* Begin XCConfigurationList section */
		9623D87529B9AD1900BE0BFB /* Build configuration list for PBXProject "GXMessagesTableViewSample" */ = {
			isa = XCConfigurationList;
			buildConfigurations = (
				9623D8A229B9AD1B00BE0BFB /* Debug */,
				9623D8A329B9AD1B00BE0BFB /* Release */,
			);
			defaultConfigurationIsVisible = 0;
			defaultConfigurationName = Release;
		};
		9623D8A429B9AD1B00BE0BFB /* Build configuration list for PBXNativeTarget "GXMessagesTableViewSample" */ = {
			isa = XCConfigurationList;
			buildConfigurations = (
				9623D8A529B9AD1B00BE0BFB /* Debug */,
				9623D8A629B9AD1B00BE0BFB /* Release */,
			);
			defaultConfigurationIsVisible = 0;
			defaultConfigurationName = Release;
		};
		9623D8A729B9AD1B00BE0BFB /* Build configuration list for PBXNativeTarget "GXMessagesTableViewSampleTests" */ = {
			isa = XCConfigurationList;
			buildConfigurations = (
				9623D8A829B9AD1B00BE0BFB /* Debug */,
				9623D8A929B9AD1B00BE0BFB /* Release */,
			);
			defaultConfigurationIsVisible = 0;
			defaultConfigurationName = Release;
		};
		9623D8AA29B9AD1B00BE0BFB /* Build configuration list for PBXNativeTarget "GXMessagesTableViewSampleUITests" */ = {
			isa = XCConfigurationList;
			buildConfigurations = (
				9623D8AB29B9AD1B00BE0BFB /* Debug */,
				9623D8AC29B9AD1B00BE0BFB /* Release */,
			);
			defaultConfigurationIsVisible = 0;
			defaultConfigurationName = Release;
		};
/* End XCConfigurationList section */
	};
	rootObject = 9623D87229B9AD1900BE0BFB /* Project object */;
}
